<?xml version="1.0" encoding="UTF-8" standalone="yes" ?>
<CodeBlocks_project_file>
	<FileVersion major="1" minor="6" />
	<Project>
		<Option title="project" />
		<Option pch_mode="2" />
		<Option compiler="gcc" />
		<Build>
			<Target title="Debug">
				<Option output="bin\Debug\project" prefix_auto="1" extension_auto="1" />
				<Option object_output="obj\Debug\" />
				<Option type="1" />
				<Option compiler="gcc" />
				<Compiler>
					<Add option="-g" />
				</Compiler>
			</Target>
			<Target title="Release">
				<Option output="bin\Release\project" prefix_auto="1" extension_auto="1" />
				<Option object_output="obj\Release\" />
				<Option type="1" />
				<Option compiler="gcc" />
				<Compiler>
					<Add option="-O2" />
				</Compiler>
				<Linker>
					<Add option="-s" />
				</Linker>
			</Target>
		</Build>
		<Compiler>
			<Add option="-Wall" />
			<Add option="-fexceptions" />
		</Compiler>
		<Unit filename="DishonestBroker.cpp" />
		<Unit filename="DishonestBroker.h" />
		<Unit filename="HelpfulBroker.cpp" />
		<Unit filename="HelpfulBroker.h" />
		<Unit filename="House.cpp" />
		<Unit filename="House.h" />
		<Unit filename="Imot.h" />
		<Unit filename="Plot.cpp" />
		<Unit filename="Plot.h" />
		<Unit filename="RegImot.cpp" />
		<Unit filename="RegImot.h" />
		<Unit filename="SimpleBroker.cpp" />
		<Unit filename="SimpleBroker.h" />
		<Unit filename="agent.h" />
		<Unit filename="flat.cpp" />
		<Unit filename="flat.h" />
		<Unit filename="imot.cpp" />
		<Unit filename="main.cpp" />
		<Extensions>
			<code_completion />
			<debugger />
		</Extensions>
	</Project>
</CodeBlocks_project_file>
