<?xml version="1.0" encoding="UTF-8" standalone="yes" ?>
<CodeBlocks_project_file>
	<FileVersion major="1" minor="6" />
	<Project>
		<Option title="Test" />
		<Option pch_mode="2" />
		<Option compiler="gcc" />
		<Build>
			<Target title="Debug">
				<Option output="bin/Debug/Test" prefix_auto="1" extension_auto="1" />
				<Option object_output="obj/Debug/" />
				<Option type="1" />
				<Option compiler="gcc" />
				<Compiler>
					<Add option="-g" />
				</Compiler>
			</Target>
			<Target title="Release">
				<Option output="bin/Release/Test" prefix_auto="1" extension_auto="1" />
				<Option object_output="obj/Release/" />
				<Option type="1" />
				<Option compiler="gcc" />
				<Compiler>
					<Add option="-O2" />
				</Compiler>
				<Linker>
					<Add option="-s" />
				</Linker>
			</Target>
		</Build>
		<Compiler>
			<Add option="-Wall" />
			<Add option="-fexceptions" />
		</Compiler>
		<Unit filename="Constants.h" />
		<Unit filename="DishonestBroker.cpp" />
		<Unit filename="DishonestBroker.h" />
		<Unit filename="Estate.cpp" />
		<Unit filename="Estate.h" />
		<Unit filename="HelpfulBroker.cpp" />
		<Unit filename="HelpfulBroker.h" />
		<Unit filename="House.cpp" />
		<Unit filename="House.h" />
		<Unit filename="Plot.cpp" />
		<Unit filename="Plot.h" />
		<Unit filename="RealEstate.cpp" />
		<Unit filename="RealEstate.h" />
		<Unit filename="SimpleBroker.cpp" />
		<Unit filename="SimpleBroker.h" />
		<Unit filename="agent.h" />
		<Unit filename="doctest.h" />
		<Unit filename="flat.cpp" />
		<Unit filename="flat.h" />
		<Unit filename="main.cpp" />
		<Extensions />
	</Project>
</CodeBlocks_project_file>
